{
  "name": "app",
  "lockfileVersion": 2,
  "requires": true,
  "packages": {
    "": {
      "dependencies": {
        "create-next-app": "^12.2.3"
      }
    },
    "node_modules/create-next-app": {
      "version": "12.2.3",
      "resolved": "https://registry.npmjs.org/create-next-app/-/create-next-app-12.2.3.tgz",
      "integrity": "sha512-Hi1dIRDaGQoz5NN/gkG8Gz3VZdhU16a8x1kEG2S1ax4PYCb789yfgD9GTvAay0Nk7JRhtMsIVbGEk6As47CU3w==",
      "bin": {
        "create-next-app": "dist/index.js"
      },
      "engines": {
        "node": ">=12.22.0"
      }
    }
  },
  "dependencies": {
    "create-next-app": {
      "version": "12.2.3",
      "resolved": "https://registry.npmjs.org/create-next-app/-/create-next-app-12.2.3.tgz",
      "integrity": "sha512-Hi1dIRDaGQoz5NN/gkG8Gz3VZdhU16a8x1kEG2S1ax4PYCb789yfgD9GTvAay0Nk7JRhtMsIVbGEk6As47CU3w=="
    }
  }
}
